// !$*UTF8*$!
{
	archiveVersion = 1;
	classes = {
	};
	objectVersion = 46;
	objects = {

/* Begin PBXBuildFile section */
		5E8BBC161B2EE12B006A565D /* messagesViewController.swift in Sources */ = {isa = PBXBuildFile; fileRef = 5E8BBC151B2EE12B006A565D /* messagesViewController.swift */; };
		5E8BBC181B2EE339006A565D /* messageCell.swift in Sources */ = {isa = PBXBuildFile; fileRef = 5E8BBC171B2EE339006A565D /* messageCell.swift */; };
		5E8BBC1A1B2F4AB5006A565D /* groupViewController.swift in Sources */ = {isa = PBXBuildFile; fileRef = 5E8BBC191B2F4AB5006A565D /* groupViewController.swift */; };
		5E8BBC1C1B2F4F1C006A565D /* groupCell.swift in Sources */ = {isa = PBXBuildFile; fileRef = 5E8BBC1B1B2F4F1C006A565D /* groupCell.swift */; };
		5E8BBC1E1B2F5B33006A565D /* groupConversationViewController.swift in Sources */ = {isa = PBXBuildFile; fileRef = 5E8BBC1D1B2F5B33006A565D /* groupConversationViewController.swift */; };
		5E8BBC201B3007B2006A565D /* launch.png in Resources */ = {isa = PBXBuildFile; fileRef = 5E8BBC1F1B3007B2006A565D /* launch.png */; };
		5E8BBC221B301046006A565D /* login wallpaper.png in Resources */ = {isa = PBXBuildFile; fileRef = 5E8BBC211B301046006A565D /* login wallpaper.png */; };
		5EE0400C1B28DD3A004364D1 /* AppDelegate.swift in Sources */ = {isa = PBXBuildFile; fileRef = 5EE0400B1B28DD3A004364D1 /* AppDelegate.swift */; };
		5EE0400E1B28DD3A004364D1 /* ViewController.swift in Sources */ = {isa = PBXBuildFile; fileRef = 5EE0400D1B28DD3A004364D1 /* ViewController.swift */; };
		5EE040111B28DD3A004364D1 /* Main.storyboard in Resources */ = {isa = PBXBuildFile; fileRef = 5EE0400F1B28DD3A004364D1 /* Main.storyboard */; };
		5EE040131B28DD3A004364D1 /* Images.xcassets in Resources */ = {isa = PBXBuildFile; fileRef = 5EE040121B28DD3A004364D1 /* Images.xcassets */; };
		5EE040161B28DD3A004364D1 /* LaunchScreen.xib in Resources */ = {isa = PBXBuildFile; fileRef = 5EE040141B28DD3A004364D1 /* LaunchScreen.xib */; };
		5EE040221B28DD3A004364D1 /* ChatAppTests.swift in Sources */ = {isa = PBXBuildFile; fileRef = 5EE040211B28DD3A004364D1 /* ChatAppTests.swift */; };
		5EE0402C1B28DF57004364D1 /* signupViewController.swift in Sources */ = {isa = PBXBuildFile; fileRef = 5EE0402B1B28DF57004364D1 /* signupViewController.swift */; };
		5EE0402E1B28E1E3004364D1 /* profile-icon.png in Resources */ = {isa = PBXBuildFile; fileRef = 5EE0402D1B28E1E3004364D1 /* profile-icon.png */; };
		5EE040311B29A06A004364D1 /* Bolts.framework in Frameworks */ = {isa = PBXBuildFile; fileRef = 5EE0402F1B29A06A004364D1 /* Bolts.framework */; };
		5EE040321B29A06A004364D1 /* Parse.framework in Frameworks */ = {isa = PBXBuildFile; fileRef = 5EE040301B29A06A004364D1 /* Parse.framework */; };
		5EE040341B29A249004364D1 /* AudioToolbox.framework in Frameworks */ = {isa = PBXBuildFile; fileRef = 5EE040331B29A249004364D1 /* AudioToolbox.framework */; };
		5EE040361B29A250004364D1 /* CFNetwork.framework in Frameworks */ = {isa = PBXBuildFile; fileRef = 5EE040351B29A250004364D1 /* CFNetwork.framework */; };
		5EE040381B29A256004364D1 /* CoreGraphics.framework in Frameworks */ = {isa = PBXBuildFile; fileRef = 5EE040371B29A256004364D1 /* CoreGraphics.framework */; };
		5EE0403A1B29A25D004364D1 /* CoreLocation.framework in Frameworks */ = {isa = PBXBuildFile; fileRef = 5EE040391B29A25D004364D1 /* CoreLocation.framework */; };
		5EE0403C1B29A266004364D1 /* MobileCoreServices.framework in Frameworks */ = {isa = PBXBuildFile; fileRef = 5EE0403B1B29A266004364D1 /* MobileCoreServices.framework */; };
		5EE0403E1B29A26D004364D1 /* QuartzCore.framework in Frameworks */ = {isa = PBXBuildFile; fileRef = 5EE0403D1B29A26D004364D1 /* QuartzCore.framework */; };
		5EE040401B29A277004364D1 /* Security.framework in Frameworks */ = {isa = PBXBuildFile; fileRef = 5EE0403F1B29A277004364D1 /* Security.framework */; };
		5EE040421B29A27D004364D1 /* StoreKit.framework in Frameworks */ = {isa = PBXBuildFile; fileRef = 5EE040411B29A27D004364D1 /* StoreKit.framework */; };
		5EE040441B29A285004364D1 /* SystemConfiguration.framework in Frameworks */ = {isa = PBXBuildFile; fileRef = 5EE040431B29A285004364D1 /* SystemConfiguration.framework */; };
		5EE040461B29A292004364D1 /* libz.dylib in Frameworks */ = {isa = PBXBuildFile; fileRef = 5EE040451B29A292004364D1 /* libz.dylib */; };
		5EE040481B29A2A0004364D1 /* libsqlite3.dylib in Frameworks */ = {isa = PBXBuildFile; fileRef = 5EE040471B29A2A0004364D1 /* libsqlite3.dylib */; };
		5EE0404B1B29CF92004364D1 /* usersViewController.swift in Sources */ = {isa = PBXBuildFile; fileRef = 5EE0404A1B29CF92004364D1 /* usersViewController.swift */; };
		5EE0404D1B29D378004364D1 /* ResultsCell.swift in Sources */ = {isa = PBXBuildFile; fileRef = 5EE0404C1B29D378004364D1 /* ResultsCell.swift */; };
		5EE0404F1B2A260A004364D1 /* conversationViewController.swift in Sources */ = {isa = PBXBuildFile; fileRef = 5EE0404E1B2A260A004364D1 /* conversationViewController.swift */; };
/* End PBXBuildFile section */

/* Begin PBXContainerItemProxy section */
		5EE0401C1B28DD3A004364D1 /* PBXContainerItemProxy */ = {
			isa = PBXContainerItemProxy;
			containerPortal = 5EE03FFE1B28DD3A004364D1 /* Project object */;
			proxyType = 1;
			remoteGlobalIDString = 5EE040051B28DD3A004364D1;
			remoteInfo = ChatApp;
		};
/* End PBXContainerItemProxy section */

/* Begin PBXFileReference section */
		5E8BBC151B2EE12B006A565D /* messagesViewController.swift */ = {isa = PBXFileReference; fileEncoding = 4; lastKnownFileType = sourcecode.swift; path = messagesViewController.swift; sourceTree = "<group>"; };
		5E8BBC171B2EE339006A565D /* messageCell.swift */ = {isa = PBXFileReference; fileEncoding = 4; lastKnownFileType = sourcecode.swift; path = messageCell.swift; sourceTree = "<group>"; };
		5E8BBC191B2F4AB5006A565D /* groupViewController.swift */ = {isa = PBXFileReference; fileEncoding = 4; lastKnownFileType = sourcecode.swift; path = groupViewController.swift; sourceTree = "<group>"; };
		5E8BBC1B1B2F4F1C006A565D /* groupCell.swift */ = {isa = PBXFileReference; fileEncoding = 4; lastKnownFileType = sourcecode.swift; path = groupCell.swift; sourceTree = "<group>"; };
		5E8BBC1D1B2F5B33006A565D /* groupConversationViewController.swift */ = {isa = PBXFileReference; fileEncoding = 4; lastKnownFileType = sourcecode.swift; path = groupConversationViewController.swift; sourceTree = "<group>"; };
		5E8BBC1F1B3007B2006A565D /* launch.png */ = {isa = PBXFileReference; lastKnownFileType = image.png; path = launch.png; sourceTree = "<group>"; };
		5E8BBC211B301046006A565D /* login wallpaper.png */ = {isa = PBXFileReference; lastKnownFileType = image.png; path = "login wallpaper.png"; sourceTree = "<group>"; };
		5EE040061B28DD3A004364D1 /* ChatApp.app */ = {isa = PBXFileReference; explicitFileType = wrapper.application; includeInIndex = 0; path = ChatApp.app; sourceTree = BUILT_PRODUCTS_DIR; };
		5EE0400A1B28DD3A004364D1 /* Info.plist */ = {isa = PBXFileReference; lastKnownFileType = text.plist.xml; path = Info.plist; sourceTree = "<group>"; };
		5EE0400B1B28DD3A004364D1 /* AppDelegate.swift */ = {isa = PBXFileReference; lastKnownFileType = sourcecode.swift; path = AppDelegate.swift; sourceTree = "<group>"; };
		5EE0400D1B28DD3A004364D1 /* ViewController.swift */ = {isa = PBXFileReference; lastKnownFileType = sourcecode.swift; path = ViewController.swift; sourceTree = "<group>"; };
		5EE040101B28DD3A004364D1 /* Base */ = {isa = PBXFileReference; lastKnownFileType = file.storyboard; name = Base; path = Base.lproj/Main.storyboard; sourceTree = "<group>"; };
		5EE040121B28DD3A004364D1 /* Images.xcassets */ = {isa = PBXFileReference; lastKnownFileType = folder.assetcatalog; path = Images.xcassets; sourceTree = "<group>"; };
		5EE040151B28DD3A004364D1 /* Base */ = {isa = PBXFileReference; lastKnownFileType = file.xib; name = Base; path = Base.lproj/LaunchScreen.xib; sourceTree = "<group>"; };
		5EE0401B1B28DD3A004364D1 /* ChatAppTests.xctest */ = {isa = PBXFileReference; explicitFileType = wrapper.cfbundle; includeInIndex = 0; path = ChatAppTests.xctest; sourceTree = BUILT_PRODUCTS_DIR; };
		5EE040201B28DD3A004364D1 /* Info.plist */ = {isa = PBXFileReference; lastKnownFileType = text.plist.xml; path = Info.plist; sourceTree = "<group>"; };
		5EE040211B28DD3A004364D1 /* ChatAppTests.swift */ = {isa = PBXFileReference; lastKnownFileType = sourcecode.swift; path = ChatAppTests.swift; sourceTree = "<group>"; };
		5EE0402B1B28DF57004364D1 /* signupViewController.swift */ = {isa = PBXFileReference; fileEncoding = 4; lastKnownFileType = sourcecode.swift; path = signupViewController.swift; sourceTree = "<group>"; };
		5EE0402D1B28E1E3004364D1 /* profile-icon.png */ = {isa = PBXFileReference; lastKnownFileType = image.png; path = "profile-icon.png"; sourceTree = "<group>"; };
		5EE0402F1B29A06A004364D1 /* Bolts.framework */ = {isa = PBXFileReference; lastKnownFileType = wrapper.framework; path = Bolts.framework; sourceTree = "<group>"; };
		5EE040301B29A06A004364D1 /* Parse.framework */ = {isa = PBXFileReference; lastKnownFileType = wrapper.framework; path = Parse.framework; sourceTree = "<group>"; };
		5EE040331B29A249004364D1 /* AudioToolbox.framework */ = {isa = PBXFileReference; lastKnownFileType = wrapper.framework; name = AudioToolbox.framework; path = System/Library/Frameworks/AudioToolbox.framework; sourceTree = SDKROOT; };
		5EE040351B29A250004364D1 /* CFNetwork.framework */ = {isa = PBXFileReference; lastKnownFileType = wrapper.framework; name = CFNetwork.framework; path = System/Library/Frameworks/CFNetwork.framework; sourceTree = SDKROOT; };
		5EE040371B29A256004364D1 /* CoreGraphics.framework */ = {isa = PBXFileReference; lastKnownFileType = wrapper.framework; name = CoreGraphics.framework; path = System/Library/Frameworks/CoreGraphics.framework; sourceTree = SDKROOT; };
		5EE040391B29A25D004364D1 /* CoreLocation.framework */ = {isa = PBXFileReference; lastKnownFileType = wrapper.framework; name = CoreLocation.framework; path = System/Library/Frameworks/CoreLocation.framework; sourceTree = SDKROOT; };
		5EE0403B1B29A266004364D1 /* MobileCoreServices.framework */ = {isa = PBXFileReference; lastKnownFileType = wrapper.framework; name = MobileCoreServices.framework; path = System/Library/Frameworks/MobileCoreServices.framework; sourceTree = SDKROOT; };
		5EE0403D1B29A26D004364D1 /* QuartzCore.framework */ = {isa = PBXFileReference; lastKnownFileType = wrapper.framework; name = QuartzCore.framework; path = System/Library/Frameworks/QuartzCore.framework; sourceTree = SDKROOT; };
		5EE0403F1B29A277004364D1 /* Security.framework */ = {isa = PBXFileReference; lastKnownFileType = wrapper.framework; name = Security.framework; path = System/Library/Frameworks/Security.framework; sourceTree = SDKROOT; };
		5EE040411B29A27D004364D1 /* StoreKit.framework */ = {isa = PBXFileReference; lastKnownFileType = wrapper.framework; name = StoreKit.framework; path = System/Library/Frameworks/StoreKit.framework; sourceTree = SDKROOT; };
		5EE040431B29A285004364D1 /* SystemConfiguration.framework */ = {isa = PBXFileReference; lastKnownFileType = wrapper.framework; name = SystemConfiguration.framework; path = System/Library/Frameworks/SystemConfiguration.framework; sourceTree = SDKROOT; };
		5EE040451B29A292004364D1 /* libz.dylib */ = {isa = PBXFileReference; lastKnownFileType = "compiled.mach-o.dylib"; name = libz.dylib; path = usr/lib/libz.dylib; sourceTree = SDKROOT; };
		5EE040471B29A2A0004364D1 /* libsqlite3.dylib */ = {isa = PBXFileReference; lastKnownFileType = "compiled.mach-o.dylib"; name = libsqlite3.dylib; path = usr/lib/libsqlite3.dylib; sourceTree = SDKROOT; };
		5EE0404A1B29CF92004364D1 /* usersViewController.swift */ = {isa = PBXFileReference; fileEncoding = 4; lastKnownFileType = sourcecode.swift; path = usersViewController.swift; sourceTree = "<group>"; };
		5EE0404C1B29D378004364D1 /* ResultsCell.swift */ = {isa = PBXFileReference; fileEncoding = 4; lastKnownFileType = sourcecode.swift; path = ResultsCell.swift; sourceTree = "<group>"; };
		5EE0404E1B2A260A004364D1 /* conversationViewController.swift */ = {isa = PBXFileReference; fileEncoding = 4; lastKnownFileType = sourcecode.swift; path = conversationViewController.swift; sourceTree = "<group>"; };
/* End PBXFileReference section */

/* Begin PBXFrameworksBuildPhase section */
		5EE040031B28DD3A004364D1 /* Frameworks */ = {
			isa = PBXFrameworksBuildPhase;
			buildActionMask = 2147483647;
			files = (
				5EE040481B29A2A0004364D1 /* libsqlite3.dylib in Frameworks */,
				5EE040461B29A292004364D1 /* libz.dylib in Frameworks */,
				5EE040441B29A285004364D1 /* SystemConfiguration.framework in Frameworks */,
				5EE040421B29A27D004364D1 /* StoreKit.framework in Frameworks */,
				5EE040401B29A277004364D1 /* Security.framework in Frameworks */,
				5EE0403E1B29A26D004364D1 /* QuartzCore.framework in Frameworks */,
				5EE0403C1B29A266004364D1 /* MobileCoreServices.framework in Frameworks */,
				5EE0403A1B29A25D004364D1 /* CoreLocation.framework in Frameworks */,
				5EE040381B29A256004364D1 /* CoreGraphics.framework in Frameworks */,
				5EE040361B29A250004364D1 /* CFNetwork.framework in Frameworks */,
				5EE040341B29A249004364D1 /* AudioToolbox.framework in Frameworks */,
				5EE040321B29A06A004364D1 /* Parse.framework in Frameworks */,
				5EE040311B29A06A004364D1 /* Bolts.framework in Frameworks */,
			);
			runOnlyForDeploymentPostprocessing = 0;
		};
		5EE040181B28DD3A004364D1 /* Frameworks */ = {
			isa = PBXFrameworksBuildPhase;
			buildActionMask = 2147483647;
			files = (
			);
			runOnlyForDeploymentPostprocessing = 0;
		};
/* End PBXFrameworksBuildPhase section */

/* Begin PBXGroup section */
		5EE03FFD1B28DD3A004364D1 = {
			isa = PBXGroup;
			children = (
				5EE040491B29A3DE004364D1 /* Frameworks */,
				5EE040081B28DD3A004364D1 /* ChatApp */,
				5EE0401E1B28DD3A004364D1 /* ChatAppTests */,
				5EE040071B28DD3A004364D1 /* Products */,
			);
			sourceTree = "<group>";
		};
		5EE040071B28DD3A004364D1 /* Products */ = {
			isa = PBXGroup;
			children = (
				5EE040061B28DD3A004364D1 /* ChatApp.app */,
				5EE0401B1B28DD3A004364D1 /* ChatAppTests.xctest */,
			);
			name = Products;
			sourceTree = "<group>";
		};
		5EE040081B28DD3A004364D1 /* ChatApp */ = {
			isa = PBXGroup;
			children = (
				5EE0400B1B28DD3A004364D1 /* AppDelegate.swift */,
				5EE0404E1B2A260A004364D1 /* conversationViewController.swift */,
				5E8BBC1B1B2F4F1C006A565D /* groupCell.swift */,
				5E8BBC1D1B2F5B33006A565D /* groupConversationViewController.swift */,
				5E8BBC191B2F4AB5006A565D /* groupViewController.swift */,
				5EE0400F1B28DD3A004364D1 /* Main.storyboard */,
				5E8BBC151B2EE12B006A565D /* messagesViewController.swift */,
				5E8BBC171B2EE339006A565D /* messageCell.swift */,
				5EE0402B1B28DF57004364D1 /* signupViewController.swift */,
				5EE0404C1B29D378004364D1 /* ResultsCell.swift */,
				5EE0404A1B29CF92004364D1 /* usersViewController.swift */,
				5EE0400D1B28DD3A004364D1 /* ViewController.swift */,
				5EE040121B28DD3A004364D1 /* Images.xcassets */,
				5EE040141B28DD3A004364D1 /* LaunchScreen.xib */,
				5EE040091B28DD3A004364D1 /* Supporting Files */,
			);
			path = ChatApp;
			sourceTree = "<group>";
		};
		5EE040091B28DD3A004364D1 /* Supporting Files */ = {
			isa = PBXGroup;
			children = (
				5E8BBC211B301046006A565D /* login wallpaper.png */,
				5E8BBC1F1B3007B2006A565D /* launch.png */,
				5EE0402D1B28E1E3004364D1 /* profile-icon.png */,
				5EE0400A1B28DD3A004364D1 /* Info.plist */,
			);
			name = "Supporting Files";
			sourceTree = "<group>";
		};
		5EE0401E1B28DD3A004364D1 /* ChatAppTests */ = {
			isa = PBXGroup;
			children = (
				5EE040211B28DD3A004364D1 /* ChatAppTests.swift */,
				5EE0401F1B28DD3A004364D1 /* Supporting Files */,
			);
			path = ChatAppTests;
			sourceTree = "<group>";
		};
		5EE0401F1B28DD3A004364D1 /* Supporting Files */ = {
			isa = PBXGroup;
			children = (
				5EE040201B28DD3A004364D1 /* Info.plist */,
			);
			name = "Supporting Files";
			sourceTree = "<group>";
		};
		5EE040491B29A3DE004364D1 /* Frameworks */ = {
			isa = PBXGroup;
			children = (
				5EE040471B29A2A0004364D1 /* libsqlite3.dylib */,
				5EE040451B29A292004364D1 /* libz.dylib */,
				5EE040431B29A285004364D1 /* SystemConfiguration.framework */,
				5EE040411B29A27D004364D1 /* StoreKit.framework */,
				5EE0403F1B29A277004364D1 /* Security.framework */,
				5EE0403D1B29A26D004364D1 /* QuartzCore.framework */,
				5EE0403B1B29A266004364D1 /* MobileCoreServices.framework */,
				5EE040391B29A25D004364D1 /* CoreLocation.framework */,
				5EE040371B29A256004364D1 /* CoreGraphics.framework */,
				5EE040351B29A250004364D1 /* CFNetwork.framework */,
				5EE040331B29A249004364D1 /* AudioToolbox.framework */,
				5EE0402F1B29A06A004364D1 /* Bolts.framework */,
				5EE040301B29A06A004364D1 /* Parse.framework */,
			);
			name = Frameworks;
			sourceTree = "<group>";
		};
/* End PBXGroup section */

/* Begin PBXNativeTarget section */
		5EE040051B28DD3A004364D1 /* ChatApp */ = {
			isa = PBXNativeTarget;
			buildConfigurationList = 5EE040251B28DD3A004364D1 /* Build configuration list for PBXNativeTarget "ChatApp" */;
			buildPhases = (
				5EE040021B28DD3A004364D1 /* Sources */,
				5EE040031B28DD3A004364D1 /* Frameworks */,
				5EE040041B28DD3A004364D1 /* Resources */,
			);
			buildRules = (
			);
			dependencies = (
			);
			name = ChatApp;
			productName = ChatApp;
			productReference = 5EE040061B28DD3A004364D1 /* ChatApp.app */;
			productType = "com.apple.product-type.application";
		};
		5EE0401A1B28DD3A004364D1 /* ChatAppTests */ = {
			isa = PBXNativeTarget;
			buildConfigurationList = 5EE040281B28DD3A004364D1 /* Build configuration list for PBXNativeTarget "ChatAppTests" */;
			buildPhases = (
				5EE040171B28DD3A004364D1 /* Sources */,
				5EE040181B28DD3A004364D1 /* Frameworks */,
				5EE040191B28DD3A004364D1 /* Resources */,
			);
			buildRules = (
			);
			dependencies = (
				5EE0401D1B28DD3A004364D1 /* PBXTargetDependency */,
			);
			name = ChatAppTests;
			productName = ChatAppTests;
			productReference = 5EE0401B1B28DD3A004364D1 /* ChatAppTests.xctest */;
			productType = "com.apple.product-type.bundle.unit-test";
		};
/* End PBXNativeTarget section */

/* Begin PBXProject section */
		5EE03FFE1B28DD3A004364D1 /* Project object */ = {
			isa = PBXProject;
			attributes = {
				LastUpgradeCheck = 0630;
				ORGANIZATIONNAME = "Jorge Hernandez";
				TargetAttributes = {
					5EE040051B28DD3A004364D1 = {
						CreatedOnToolsVersion = 6.3.2;
					};
					5EE0401A1B28DD3A004364D1 = {
						CreatedOnToolsVersion = 6.3.2;
						DevelopmentTeam = 4A4BWA5XP4;
						TestTargetID = 5EE040051B28DD3A004364D1;
					};
				};
			};
			buildConfigurationList = 5EE040011B28DD3A004364D1 /* Build configuration list for PBXProject "ChatApp" */;
			compatibilityVersion = "Xcode 3.2";
			developmentRegion = English;
			hasScannedForEncodings = 0;
			knownRegions = (
				en,
				Base,
			);
			mainGroup = 5EE03FFD1B28DD3A004364D1;
			productRefGroup = 5EE040071B28DD3A004364D1 /* Products */;
			projectDirPath = "";
			projectRoot = "";
			targets = (
				5EE040051B28DD3A004364D1 /* ChatApp */,
				5EE0401A1B28DD3A004364D1 /* ChatAppTests */,
			);
		};
/* End PBXProject section */

/* Begin PBXResourcesBuildPhase section */
		5EE040041B28DD3A004364D1 /* Resources */ = {
			isa = PBXResourcesBuildPhase;
			buildActionMask = 2147483647;
			files = (
				5EE040111B28DD3A004364D1 /* Main.storyboard in Resources */,
				5E8BBC201B3007B2006A565D /* launch.png in Resources */,
				5EE040161B28DD3A004364D1 /* LaunchScreen.xib in Resources */,
				5EE0402E1B28E1E3004364D1 /* profile-icon.png in Resources */,
				5EE040131B28DD3A004364D1 /* Images.xcassets in Resources */,
				5E8BBC221B301046006A565D /* login wallpaper.png in Resources */,
			);
			runOnlyForDeploymentPostprocessing = 0;
		};
		5EE040191B28DD3A004364D1 /* Resources */ = {
			isa = PBXResourcesBuildPhase;
			buildActionMask = 2147483647;
			files = (
			);
			runOnlyForDeploymentPostprocessing = 0;
		};
/* End PBXResourcesBuildPhase section */

/* Begin PBXSourcesBuildPhase section */
		5EE040021B28DD3A004364D1 /* Sources */ = {
			isa = PBXSourcesBuildPhase;
			buildActionMask = 2147483647;
			files = (
				5E8BBC161B2EE12B006A565D /* messagesViewController.swift in Sources */,
				5E8BBC1A1B2F4AB5006A565D /* groupViewController.swift in Sources */,
				5E8BBC181B2EE339006A565D /* messageCell.swift in Sources */,
				5EE0400E1B28DD3A004364D1 /* ViewController.swift in Sources */,
				5E8BBC1E1B2F5B33006A565D /* groupConversationViewController.swift in Sources */,
				5EE0404B1B29CF92004364D1 /* usersViewController.swift in Sources */,
				5EE0402C1B28DF57004364D1 /* signupViewController.swift in Sources */,
				5EE0400C1B28DD3A004364D1 /* AppDelegate.swift in Sources */,
				5EE0404F1B2A260A004364D1 /* conversationViewController.swift in Sources */,
				5EE0404D1B29D378004364D1 /* ResultsCell.swift in Sources */,
				5E8BBC1C1B2F4F1C006A565D /* groupCell.swift in Sources */,
			);
			runOnlyForDeploymentPostprocessing = 0;
		};
		5EE040171B28DD3A004364D1 /* Sources */ = {
			isa = PBXSourcesBuildPhase;
			buildActionMask = 2147483647;
			files = (
				5EE040221B28DD3A004364D1 /* ChatAppTests.swift in Sources */,
			);
			runOnlyForDeploymentPostprocessing = 0;
		};
/* End PBXSourcesBuildPhase section */

/* Begin PBXTargetDependency section */
		5EE0401D1B28DD3A004364D1 /* PBXTargetDependency */ = {
			isa = PBXTargetDependency;
			target = 5EE040051B28DD3A004364D1 /* ChatApp */;
			targetProxy = 5EE0401C1B28DD3A004364D1 /* PBXContainerItemProxy */;
		};
/* End PBXTargetDependency section */

/* Begin PBXVariantGroup section */
		5EE0400F1B28DD3A004364D1 /* Main.storyboard */ = {
			isa = PBXVariantGroup;
			children = (
				5EE040101B28DD3A004364D1 /* Base */,
			);
			name = Main.storyboard;
			sourceTree = "<group>";
		};
		5EE040141B28DD3A004364D1 /* LaunchScreen.xib */ = {
			isa = PBXVariantGroup;
			children = (
				5EE040151B28DD3A004364D1 /* Base */,
			);
			name = LaunchScreen.xib;
			sourceTree = "<group>";
		};
/* End PBXVariantGroup section */

/* Begin XCBuildConfiguration section */
		5EE040231B28DD3A004364D1 /* Debug */ = {
			isa = XCBuildConfiguration;
			buildSettings = {
				ALWAYS_SEARCH_USER_PATHS = NO;
				CLANG_CXX_LANGUAGE_STANDARD = "gnu++0x";
				CLANG_CXX_LIBRARY = "libc++";
				CLANG_ENABLE_MODULES = YES;
				CLANG_ENABLE_OBJC_ARC = YES;
				CLANG_WARN_BOOL_CONVERSION = YES;
				CLANG_WARN_CONSTANT_CONVERSION = YES;
				CLANG_WARN_DIRECT_OBJC_ISA_USAGE = YES_ERROR;
				CLANG_WARN_EMPTY_BODY = YES;
				CLANG_WARN_ENUM_CONVERSION = YES;
				CLANG_WARN_INT_CONVERSION = YES;
				CLANG_WARN_OBJC_ROOT_CLASS = YES_ERROR;
				CLANG_WARN_UNREACHABLE_CODE = YES;
				CLANG_WARN__DUPLICATE_METHOD_MATCH = YES;
				CODE_SIGN_IDENTITY = "iPhone Developer";
				"CODE_SIGN_IDENTITY[sdk=iphoneos*]" = "iPhone Developer";
				COPY_PHASE_STRIP = NO;
				DEBUG_INFORMATION_FORMAT = "dwarf-with-dsym";
				ENABLE_STRICT_OBJC_MSGSEND = YES;
				GCC_C_LANGUAGE_STANDARD = gnu99;
				GCC_DYNAMIC_NO_PIC = NO;
				GCC_NO_COMMON_BLOCKS = YES;
				GCC_OPTIMIZATION_LEVEL = 0;
				GCC_PREPROCESSOR_DEFINITIONS = (
					"DEBUG=1",
					"$(inherited)",
				);
				GCC_SYMBOLS_PRIVATE_EXTERN = NO;
				GCC_WARN_64_TO_32_BIT_CONVERSION = YES;
				GCC_WARN_ABOUT_RETURN_TYPE = YES_ERROR;
				GCC_WARN_UNDECLARED_SELECTOR = YES;
				GCC_WARN_UNINITIALIZED_AUTOS = YES_AGGRESSIVE;
				GCC_WARN_UNUSED_FUNCTION = YES;
				GCC_WARN_UNUSED_VARIABLE = YES;
				IPHONEOS_DEPLOYMENT_TARGET = 8.3;
				MTL_ENABLE_DEBUG_INFO = YES;
				ONLY_ACTIVE_ARCH = YES;
				PROVISIONING_PROFILE = "c55d53d5-3ecf-4502-9b55-c3292bbb9491";
				SDKROOT = iphoneos;
				SWIFT_OPTIMIZATION_LEVEL = "-Onone";
			};
			name = Debug;
		};
		5EE040241B28DD3A004364D1 /* Release */ = {
			isa = XCBuildConfiguration;
			buildSettings = {
				ALWAYS_SEARCH_USER_PATHS = NO;
				CLANG_CXX_LANGUAGE_STANDARD = "gnu++0x";
				CLANG_CXX_LIBRARY = "libc++";
				CLANG_ENABLE_MODULES = YES;
				CLANG_ENABLE_OBJC_ARC = YES;
				CLANG_WARN_BOOL_CONVERSION = YES;
				CLANG_WARN_CONSTANT_CONVERSION = YES;
				CLANG_WARN_DIRECT_OBJC_ISA_USAGE = YES_ERROR;
				CLANG_WARN_EMPTY_BODY = YES;
				CLANG_WARN_ENUM_CONVERSION = YES;
				CLANG_WARN_INT_CONVERSION = YES;
				CLANG_WARN_OBJC_ROOT_CLASS = YES_ERROR;
				CLANG_WARN_UNREACHABLE_CODE = YES;
				CLANG_WARN__DUPLICATE_METHOD_MATCH = YES;
				CODE_SIGN_IDENTITY = "iPhone Developer";
				"CODE_SIGN_IDENTITY[sdk=iphoneos*]" = "iPhone Developer";
				COPY_PHASE_STRIP = NO;
				DEBUG_INFORMATION_FORMAT = "dwarf-with-dsym";
				ENABLE_NS_ASSERTIONS = NO;
				ENABLE_STRICT_OBJC_MSGSEND = YES;
				GCC_C_LANGUAGE_STANDARD = gnu99;
				GCC_NO_COMMON_BLOCKS = YES;
				GCC_WARN_64_TO_32_BIT_CONVERSION = YES;
				GCC_WARN_ABOUT_RETURN_TYPE = YES_ERROR;
				GCC_WARN_UNDECLARED_SELECTOR = YES;
				GCC_WARN_UNINITIALIZED_AUTOS = YES_AGGRESSIVE;
				GCC_WARN_UNUSED_FUNCTION = YES;
				GCC_WARN_UNUSED_VARIABLE = YES;
				IPHONEOS_DEPLOYMENT_TARGET = 8.3;
				MTL_ENABLE_DEBUG_INFO = NO;
				PROVISIONING_PROFILE = "c55d53d5-3ecf-4502-9b55-c3292bbb9491";
				SDKROOT = iphoneos;
				VALIDATE_PRODUCT = YES;
			};
			name = Release;
		};
		5EE040261B28DD3A004364D1 /* Debug */ = {
			isa = XCBuildConfiguration;
			buildSettings = {
				ASSETCATALOG_COMPILER_APPICON_NAME = AppIcon;
				CODE_SIGN_IDENTITY = "iPhone Developer";
				FRAMEWORK_SEARCH_PATHS = (
					"$(inherited)",
					"$(PROJECT_DIR)",
				);
				INFOPLIST_FILE = ChatApp/Info.plist;
				LD_RUNPATH_SEARCH_PATHS = "$(inherited) @executable_path/Frameworks";
				PRODUCT_NAME = "$(TARGET_NAME)";
				PROVISIONING_PROFILE = "c55d53d5-3ecf-4502-9b55-c3292bbb9491";
			};
			name = Debug;
		};
		5EE040271B28DD3A004364D1 /* Release */ = {
			isa = XCBuildConfiguration;
			buildSettings = {
				ASSETCATALOG_COMPILER_APPICON_NAME = AppIcon;
				CODE_SIGN_IDENTITY = "iPhone Developer";
				FRAMEWORK_SEARCH_PATHS = (
					"$(inherited)",
					"$(PROJECT_DIR)",
				);
				INFOPLIST_FILE = ChatApp/Info.plist;
				LD_RUNPATH_SEARCH_PATHS = "$(inherited) @executable_path/Frameworks";
				PRODUCT_NAME = "$(TARGET_NAME)";
				PROVISIONING_PROFILE = "c55d53d5-3ecf-4502-9b55-c3292bbb9491";
			};
			name = Release;
		};
		5EE040291B28DD3A004364D1 /* Debug */ = {
			isa = XCBuildConfiguration;
			buildSettings = {
				BUNDLE_LOADER = "$(TEST_HOST)";
				CODE_SIGN_IDENTITY = "iPhone Developer";
				"CODE_SIGN_IDENTITY[sdk=iphoneos*]" = "iPhone Developer";
				FRAMEWORK_SEARCH_PATHS = (
					"$(SDKROOT)/Developer/Library/Frameworks",
					"$(inherited)",
				);
				GCC_PREPROCESSOR_DEFINITIONS = (
					"DEBUG=1",
					"$(inherited)",
				);
				INFOPLIST_FILE = ChatAppTests/Info.plist;
				LD_RUNPATH_SEARCH_PATHS = "$(inherited) @executable_path/Frameworks @loader_path/Frameworks";
				PRODUCT_NAME = "$(TARGET_NAME)";
				PROVISIONING_PROFILE = "";
				TEST_HOST = "$(BUILT_PRODUCTS_DIR)/ChatApp.app/ChatApp";
			};
			name = Debug;
		};
		5EE0402A1B28DD3A004364D1 /* Release */ = {
			isa = XCBuildConfiguration;
			buildSettings = {
				BUNDLE_LOADER = "$(TEST_HOST)";
				CODE_SIGN_IDENTITY = "iPhone Developer";
				"CODE_SIGN_IDENTITY[sdk=iphoneos*]" = "iPhone Developer";
				FRAMEWORK_SEARCH_PATHS = (
					"$(SDKROOT)/Developer/Library/Frameworks",
					"$(inherited)",
				);
				INFOPLIST_FILE = ChatAppTests/Info.plist;
				LD_RUNPATH_SEARCH_PATHS = "$(inherited) @executable_path/Frameworks @loader_path/Frameworks";
				PRODUCT_NAME = "$(TARGET_NAME)";
				PROVISIONING_PROFILE = "";
				TEST_HOST = "$(BUILT_PRODUCTS_DIR)/ChatApp.app/ChatApp";
			};
			name = Release;
		};
/* End XCBuildConfiguration section */

/* Begin XCConfigurationList section */
		5EE040011B28DD3A004364D1 /* Build configuration list for PBXProject "ChatApp" */ = {
			isa = XCConfigurationList;
			buildConfigurations = (
				5EE040231B28DD3A004364D1 /* Debug */,
				5EE040241B28DD3A004364D1 /* Release */,
			);
			defaultConfigurationIsVisible = 0;
			defaultConfigurationName = Release;
		};
		5EE040251B28DD3A004364D1 /* Build configuration list for PBXNativeTarget "ChatApp" */ = {
			isa = XCConfigurationList;
			buildConfigurations = (
				5EE040261B28DD3A004364D1 /* Debug */,
				5EE040271B28DD3A004364D1 /* Release */,
			);
			defaultConfigurationIsVisible = 0;
			defaultConfigurationName = Release;
		};
		5EE040281B28DD3A004364D1 /* Build configuration list for PBXNativeTarget "ChatAppTests" */ = {
			isa = XCConfigurationList;
			buildConfigurations = (
				5EE040291B28DD3A004364D1 /* Debug */,
				5EE0402A1B28DD3A004364D1 /* Release */,
			);
			defaultConfigurationIsVisible = 0;
			defaultConfigurationName = Release;
		};
/* End XCConfigurationList section */
	};
	rootObject = 5EE03FFE1B28DD3A004364D1 /* Project object */;
}
